
Microsoft Visual Studio Solution File, Format Version 12.00
# Visual Studio Version 16
VisualStudioVersion = 16.0.30225.117
MinimumVisualStudioVersion = 10.0.40219.1
Project("{FAE04EC0-301F-11D3-BF4B-00C04F79EFBC}") = "pig_latin_minproject", "pig_latin_minproject.csproj", "{DCC63774-298F-4C2F-B291-35512E44DEB9}"
EndProject
Global
	GlobalSection(SolutionConfigurationPlatforms) = preSolution
		Debug|Any CPU = Debug|Any CPU
		Release|Any CPU = Release|Any CPU
	EndGlobalSection
	GlobalSection(ProjectConfigurationPlatforms) = postSolution
		{DCC63774-298F-4C2F-B291-35512E44DEB9}.Debug|Any CPU.ActiveCfg = Debug|Any CPU
		{DCC63774-298F-4C2F-B291-35512E44DEB9}.Debug|Any CPU.Build.0 = Debug|Any CPU
		{DCC63774-298F-4C2F-B291-35512E44DEB9}.Release|Any CPU.ActiveCfg = Release|Any CPU
		{DCC63774-298F-4C2F-B291-35512E44DEB9}.Release|Any CPU.Build.0 = Release|Any CPU
	EndGlobalSection
	GlobalSection(SolutionProperties) = preSolution
		HideSolutionNode = FALSE
	EndGlobalSection
	GlobalSection(ExtensibilityGlobals) = postSolution
		SolutionGuid = {62F003D5-2674-4EBD-B184-520DA0D23A63}
	EndGlobalSection
EndGlobal
